
Microsoft Visual Studio Solution File, Format Version 12.00
# Visual Studio Version 16
VisualStudioVersion = 16.0.29215.179
MinimumVisualStudioVersion = 10.0.40219.1
Project("{FAE04EC0-301F-11D3-BF4B-00C04F79EFBC}") = "SnakeAI.Shared", "SnakeAI.Shared\SnakeAI.Shared.csproj", "{8E20A2B9-5E60-4399-8C60-868E20AF740F}"
EndProject
Global
	GlobalSection(SolutionConfigurationPlatforms) = preSolution
		Debug|Any CPU = Debug|Any CPU
		Release|Any CPU = Release|Any CPU
	EndGlobalSection
	GlobalSection(ProjectConfigurationPlatforms) = postSolution
		{8E20A2B9-5E60-4399-8C60-868E20AF740F}.Debug|Any CPU.ActiveCfg = Debug|Any CPU
		{8E20A2B9-5E60-4399-8C60-868E20AF740F}.Debug|Any CPU.Build.0 = Debug|Any CPU
		{8E20A2B9-5E60-4399-8C60-868E20AF740F}.Release|Any CPU.ActiveCfg = Release|Any CPU
		{8E20A2B9-5E60-4399-8C60-868E20AF740F}.Release|Any CPU.Build.0 = Release|Any CPU
	EndGlobalSection
	GlobalSection(SolutionProperties) = preSolution
		HideSolutionNode = FALSE
	EndGlobalSection
	GlobalSection(ExtensibilityGlobals) = postSolution
		SolutionGuid = {D9B7D04D-2632-4A50-AC90-A11F73FD37B8}
	EndGlobalSection
EndGlobal
